Microsoft Visual Studio Solution File, Format Version 7.00
Project("{8BC9CEB8-8B4A-11D0-8D11-00A0C91BC942}") = "Psychics", "Psychics.vcproj", "{08856147-5094-4663-B72F-605B64AEB7D0}"
EndProject
Global
	GlobalSection(SolutionConfiguration) = preSolution
		ConfigName.0 = Debug
		ConfigName.1 = Release
	EndGlobalSection
	GlobalSection(ProjectDependencies) = postSolution
	EndGlobalSection
	GlobalSection(ProjectConfiguration) = postSolution
		{08856147-5094-4663-B72F-605B64AEB7D0}.Debug.ActiveCfg = Release|Win32
		{08856147-5094-4663-B72F-605B64AEB7D0}.Debug.Build.0 = Release|Win32
		{08856147-5094-4663-B72F-605B64AEB7D0}.Release.ActiveCfg = Release|Win32
		{08856147-5094-4663-B72F-605B64AEB7D0}.Release.Build.0 = Release|Win32
	EndGlobalSection
	GlobalSection(ExtensibilityGlobals) = postSolution
	EndGlobalSection
	GlobalSection(ExtensibilityAddIns) = postSolution
	EndGlobalSection
EndGlobal
